
Microsoft Visual Studio Solution File, Format Version 12.00
# Visual Studio Version 16
VisualStudioVersion = 16.0.29215.179
MinimumVisualStudioVersion = 10.0.40219.1
Project("{FAE04EC0-301F-11D3-BF4B-00C04F79EFBC}") = "CarInsurance", "CarInsurance\CarInsurance.csproj", "{8F63DAC1-43C0-469E-B46F-0D7A95C8CBBF}"
EndProject
Global
	GlobalSection(SolutionConfigurationPlatforms) = preSolution
		Debug|Any CPU = Debug|Any CPU
		Release|Any CPU = Release|Any CPU
	EndGlobalSection
	GlobalSection(ProjectConfigurationPlatforms) = postSolution
		{8F63DAC1-43C0-469E-B46F-0D7A95C8CBBF}.Debug|Any CPU.ActiveCfg = Debug|Any CPU
		{8F63DAC1-43C0-469E-B46F-0D7A95C8CBBF}.Debug|Any CPU.Build.0 = Debug|Any CPU
		{8F63DAC1-43C0-469E-B46F-0D7A95C8CBBF}.Release|Any CPU.ActiveCfg = Release|Any CPU
		{8F63DAC1-43C0-469E-B46F-0D7A95C8CBBF}.Release|Any CPU.Build.0 = Release|Any CPU
	EndGlobalSection
	GlobalSection(SolutionProperties) = preSolution
		HideSolutionNode = FALSE
	EndGlobalSection
	GlobalSection(ExtensibilityGlobals) = postSolution
		SolutionGuid = {A206FAC7-3862-41EB-8001-8CB724EC645B}
	EndGlobalSection
EndGlobal
